
Microsoft Visual Studio Solution File, Format Version 12.00
# Visual Studio Version 16
VisualStudioVersion = 16.0.29509.3
MinimumVisualStudioVersion = 10.0.40219.1
Project("{FAE04EC0-301F-11D3-BF4B-00C04F79EFBC}") = "Sel-b10-hw", "Sel-b10-hw.csproj", "{721CC735-A192-4410-AD8B-6949276391F4}"
EndProject
Global
	GlobalSection(SolutionConfigurationPlatforms) = preSolution
		Debug|Any CPU = Debug|Any CPU
		Release|Any CPU = Release|Any CPU
	EndGlobalSection
	GlobalSection(ProjectConfigurationPlatforms) = postSolution
		{721CC735-A192-4410-AD8B-6949276391F4}.Debug|Any CPU.ActiveCfg = Debug|Any CPU
		{721CC735-A192-4410-AD8B-6949276391F4}.Debug|Any CPU.Build.0 = Debug|Any CPU
		{721CC735-A192-4410-AD8B-6949276391F4}.Release|Any CPU.ActiveCfg = Release|Any CPU
		{721CC735-A192-4410-AD8B-6949276391F4}.Release|Any CPU.Build.0 = Release|Any CPU
	EndGlobalSection
	GlobalSection(SolutionProperties) = preSolution
		HideSolutionNode = FALSE
	EndGlobalSection
	GlobalSection(ExtensibilityGlobals) = postSolution
		SolutionGuid = {0EDFE6FD-5AB9-407D-AF14-2726A4951E3C}
	EndGlobalSection
EndGlobal
